
Microsoft Visual Studio Solution File, Format Version 12.00
# Visual Studio Version 17
VisualStudioVersion = 17.5.002.0
MinimumVisualStudioVersion = 10.0.40219.1
Project("{9A19103F-16F7-4668-BE54-9A1E7A4F7556}") = "api", "api.csproj", "{11D654B6-E2AC-4B9D-AC26-0D7C4EE8FF31}"
EndProject
Global
	GlobalSection(SolutionConfigurationPlatforms) = preSolution
		Debug|Any CPU = Debug|Any CPU
		Release|Any CPU = Release|Any CPU
	EndGlobalSection
	GlobalSection(ProjectConfigurationPlatforms) = postSolution
		{11D654B6-E2AC-4B9D-AC26-0D7C4EE8FF31}.Debug|Any CPU.ActiveCfg = Debug|Any CPU
		{11D654B6-E2AC-4B9D-AC26-0D7C4EE8FF31}.Debug|Any CPU.Build.0 = Debug|Any CPU
		{11D654B6-E2AC-4B9D-AC26-0D7C4EE8FF31}.Release|Any CPU.ActiveCfg = Release|Any CPU
		{11D654B6-E2AC-4B9D-AC26-0D7C4EE8FF31}.Release|Any CPU.Build.0 = Release|Any CPU
	EndGlobalSection
	GlobalSection(SolutionProperties) = preSolution
		HideSolutionNode = FALSE
	EndGlobalSection
	GlobalSection(ExtensibilityGlobals) = postSolution
		SolutionGuid = {3863C264-5FA2-431D-939C-6D61114BB764}
	EndGlobalSection
EndGlobal
